
Microsoft Visual Studio Solution File, Format Version 12.00
# Visual Studio Version 16
VisualStudioVersion = 16.0.30503.244
MinimumVisualStudioVersion = 10.0.40219.1
Project("{FAE04EC0-301F-11D3-BF4B-00C04F79EFBC}") = "knirs", "knirs.csproj", "{1AAE29DE-C99F-4636-BF61-57FA6197F1C7}"
EndProject
Global
	GlobalSection(SolutionConfigurationPlatforms) = preSolution
		Debug|Any CPU = Debug|Any CPU
		Release|Any CPU = Release|Any CPU
	EndGlobalSection
	GlobalSection(ProjectConfigurationPlatforms) = postSolution
		{1AAE29DE-C99F-4636-BF61-57FA6197F1C7}.Debug|Any CPU.ActiveCfg = Debug|Any CPU
		{1AAE29DE-C99F-4636-BF61-57FA6197F1C7}.Debug|Any CPU.Build.0 = Debug|Any CPU
		{1AAE29DE-C99F-4636-BF61-57FA6197F1C7}.Release|Any CPU.ActiveCfg = Release|Any CPU
		{1AAE29DE-C99F-4636-BF61-57FA6197F1C7}.Release|Any CPU.Build.0 = Release|Any CPU
	EndGlobalSection
	GlobalSection(SolutionProperties) = preSolution
		HideSolutionNode = FALSE
	EndGlobalSection
	GlobalSection(ExtensibilityGlobals) = postSolution
		SolutionGuid = {23D28AB8-EC86-4C4B-9BFF-C15396740C12}
	EndGlobalSection
EndGlobal
